// !$*UTF8*$!
{
	archiveVersion = 1;
	classes = {
	};
	objectVersion = 56;
	objects = {

/* Begin PBXBuildFile section */
		9A34028F297FBA5B00CBF14E /* ViewableRouter.swift in Sources */ = {isa = PBXBuildFile; fileRef = 9A340278297FBA5A00CBF14E /* ViewableRouter.swift */; };
		9A340290297FBA5B00CBF14E /* Workflow.swift in Sources */ = {isa = PBXBuildFile; fileRef = 9A34027A297FBA5A00CBF14E /* Workflow.swift */; };
		9A340291297FBA5B00CBF14E /* Executor.swift in Sources */ = {isa = PBXBuildFile; fileRef = 9A34027C297FBA5A00CBF14E /* Executor.swift */; };
		9A340292297FBA5B00CBF14E /* LeakDetector.swift in Sources */ = {isa = PBXBuildFile; fileRef = 9A34027D297FBA5A00CBF14E /* LeakDetector.swift */; };
		9A340293297FBA5B00CBF14E /* ComponentizedBuilder.swift in Sources */ = {isa = PBXBuildFile; fileRef = 9A34027E297FBA5B00CBF14E /* ComponentizedBuilder.swift */; };
		9A340294297FBA5B00CBF14E /* ViewControllable.swift in Sources */ = {isa = PBXBuildFile; fileRef = 9A34027F297FBA5B00CBF14E /* ViewControllable.swift */; };
		9A340295297FBA5B00CBF14E /* MultiStageComponentizedBuilder.swift in Sources */ = {isa = PBXBuildFile; fileRef = 9A340280297FBA5B00CBF14E /* MultiStageComponentizedBuilder.swift */; };
		9A340296297FBA5B00CBF14E /* LaunchRouter.swift in Sources */ = {isa = PBXBuildFile; fileRef = 9A340281297FBA5B00CBF14E /* LaunchRouter.swift */; };
		9A340297297FBA5B00CBF14E /* Router.swift in Sources */ = {isa = PBXBuildFile; fileRef = 9A340282297FBA5B00CBF14E /* Router.swift */; };
		9A340298297FBA5B00CBF14E /* Builder.swift in Sources */ = {isa = PBXBuildFile; fileRef = 9A340283297FBA5B00CBF14E /* Builder.swift */; };
		9A340299297FBA5B00CBF14E /* Combine+Extensions.swift in Sources */ = {isa = PBXBuildFile; fileRef = 9A340285297FBA5B00CBF14E /* Combine+Extensions.swift */; };
		9A34029A297FBA5B00CBF14E /* Foundation+Extensions.swift in Sources */ = {isa = PBXBuildFile; fileRef = 9A340286297FBA5B00CBF14E /* Foundation+Extensions.swift */; };
		9A34029B297FBA5B00CBF14E /* Worker.swift in Sources */ = {isa = PBXBuildFile; fileRef = 9A340288297FBA5B00CBF14E /* Worker.swift */; };
		9A34029C297FBA5B00CBF14E /* Presenter.swift in Sources */ = {isa = PBXBuildFile; fileRef = 9A340289297FBA5B00CBF14E /* Presenter.swift */; };
		9A34029D297FBA5B00CBF14E /* Interactor.swift in Sources */ = {isa = PBXBuildFile; fileRef = 9A34028A297FBA5B00CBF14E /* Interactor.swift */; };
		9A34029E297FBA5B00CBF14E /* Dependency.swift in Sources */ = {isa = PBXBuildFile; fileRef = 9A34028C297FBA5B00CBF14E /* Dependency.swift */; };
		9A34029F297FBA5B00CBF14E /* Component.swift in Sources */ = {isa = PBXBuildFile; fileRef = 9A34028D297FBA5B00CBF14E /* Component.swift */; };
		9A3402A0297FBA5B00CBF14E /* PresentableInteractor.swift in Sources */ = {isa = PBXBuildFile; fileRef = 9A34028E297FBA5B00CBF14E /* PresentableInteractor.swift */; };
		9A3402AA297FBAAF00CBF14E /* RootRouter.swift in Sources */ = {isa = PBXBuildFile; fileRef = 9A3402A4297FBAAE00CBF14E /* RootRouter.swift */; };
		9A3402AB297FBAAF00CBF14E /* RootViewController.swift in Sources */ = {isa = PBXBuildFile; fileRef = 9A3402A5297FBAAE00CBF14E /* RootViewController.swift */; };
		9A3402AC297FBAAF00CBF14E /* RootProtocols.swift in Sources */ = {isa = PBXBuildFile; fileRef = 9A3402A6297FBAAE00CBF14E /* RootProtocols.swift */; };
		9A3402AD297FBAAF00CBF14E /* RootBuilder.swift in Sources */ = {isa = PBXBuildFile; fileRef = 9A3402A7297FBAAE00CBF14E /* RootBuilder.swift */; };
		9A3402AE297FBAAF00CBF14E /* RootInteractor.swift in Sources */ = {isa = PBXBuildFile; fileRef = 9A3402A8297FBAAE00CBF14E /* RootInteractor.swift */; };
		9A3402B7297FC6AB00CBF14E /* MainPresenter.swift in Sources */ = {isa = PBXBuildFile; fileRef = 9A3402B1297FC6AB00CBF14E /* MainPresenter.swift */; };
		9A3402B8297FC6AB00CBF14E /* MainRouter.swift in Sources */ = {isa = PBXBuildFile; fileRef = 9A3402B2297FC6AB00CBF14E /* MainRouter.swift */; };
		9A3402B9297FC6AB00CBF14E /* MainViewController.swift in Sources */ = {isa = PBXBuildFile; fileRef = 9A3402B3297FC6AB00CBF14E /* MainViewController.swift */; };
		9A3402BA297FC6AB00CBF14E /* MainProtocols.swift in Sources */ = {isa = PBXBuildFile; fileRef = 9A3402B4297FC6AB00CBF14E /* MainProtocols.swift */; };
		9A3402BB297FC6AB00CBF14E /* MainBuilder.swift in Sources */ = {isa = PBXBuildFile; fileRef = 9A3402B5297FC6AB00CBF14E /* MainBuilder.swift */; };
		9A3402BC297FC6AB00CBF14E /* MainInteractor.swift in Sources */ = {isa = PBXBuildFile; fileRef = 9A3402B6297FC6AB00CBF14E /* MainInteractor.swift */; };
		9A3402C5297FCCCA00CBF14E /* MainNavigationRouter.swift in Sources */ = {isa = PBXBuildFile; fileRef = 9A3402BF297FCCCA00CBF14E /* MainNavigationRouter.swift */; };
		9A3402C6297FCCCA00CBF14E /* MainNavigationViewController.swift in Sources */ = {isa = PBXBuildFile; fileRef = 9A3402C0297FCCCA00CBF14E /* MainNavigationViewController.swift */; };
		9A3402C7297FCCCA00CBF14E /* MainNavigationProtocols.swift in Sources */ = {isa = PBXBuildFile; fileRef = 9A3402C1297FCCCA00CBF14E /* MainNavigationProtocols.swift */; };
		9A3402C8297FCCCA00CBF14E /* MainNavigationBuilder.swift in Sources */ = {isa = PBXBuildFile; fileRef = 9A3402C2297FCCCA00CBF14E /* MainNavigationBuilder.swift */; };
		9A3402C9297FCCCA00CBF14E /* MainNavigationInteractor.swift in Sources */ = {isa = PBXBuildFile; fileRef = 9A3402C3297FCCCA00CBF14E /* MainNavigationInteractor.swift */; };
		9A3402CB297FD65700CBF14E /* VIPBinder.swift in Sources */ = {isa = PBXBuildFile; fileRef = 9A3402CA297FD65700CBF14E /* VIPBinder.swift */; };
		9A6C720E297EBC8800B54C15 /* AppDelegate.swift in Sources */ = {isa = PBXBuildFile; fileRef = 9A6C720D297EBC8800B54C15 /* AppDelegate.swift */; };
		9A6C7217297EBC8A00B54C15 /* Assets.xcassets in Resources */ = {isa = PBXBuildFile; fileRef = 9A6C7216297EBC8A00B54C15 /* Assets.xcassets */; };
		9A6C721A297EBC8A00B54C15 /* LaunchScreen.storyboard in Resources */ = {isa = PBXBuildFile; fileRef = 9A6C7218297EBC8A00B54C15 /* LaunchScreen.storyboard */; };
/* End PBXBuildFile section */

/* Begin PBXFileReference section */
		9A340278297FBA5A00CBF14E /* ViewableRouter.swift */ = {isa = PBXFileReference; fileEncoding = 4; lastKnownFileType = sourcecode.swift; path = ViewableRouter.swift; sourceTree = "<group>"; };
		9A34027A297FBA5A00CBF14E /* Workflow.swift */ = {isa = PBXFileReference; fileEncoding = 4; lastKnownFileType = sourcecode.swift; path = Workflow.swift; sourceTree = "<group>"; };
		9A34027C297FBA5A00CBF14E /* Executor.swift */ = {isa = PBXFileReference; fileEncoding = 4; lastKnownFileType = sourcecode.swift; path = Executor.swift; sourceTree = "<group>"; };
		9A34027D297FBA5A00CBF14E /* LeakDetector.swift */ = {isa = PBXFileReference; fileEncoding = 4; lastKnownFileType = sourcecode.swift; path = LeakDetector.swift; sourceTree = "<group>"; };
		9A34027E297FBA5B00CBF14E /* ComponentizedBuilder.swift */ = {isa = PBXFileReference; fileEncoding = 4; lastKnownFileType = sourcecode.swift; path = ComponentizedBuilder.swift; sourceTree = "<group>"; };
		9A34027F297FBA5B00CBF14E /* ViewControllable.swift */ = {isa = PBXFileReference; fileEncoding = 4; lastKnownFileType = sourcecode.swift; path = ViewControllable.swift; sourceTree = "<group>"; };
		9A340280297FBA5B00CBF14E /* MultiStageComponentizedBuilder.swift */ = {isa = PBXFileReference; fileEncoding = 4; lastKnownFileType = sourcecode.swift; path = MultiStageComponentizedBuilder.swift; sourceTree = "<group>"; };
		9A340281297FBA5B00CBF14E /* LaunchRouter.swift */ = {isa = PBXFileReference; fileEncoding = 4; lastKnownFileType = sourcecode.swift; path = LaunchRouter.swift; sourceTree = "<group>"; };
		9A340282297FBA5B00CBF14E /* Router.swift */ = {isa = PBXFileReference; fileEncoding = 4; lastKnownFileType = sourcecode.swift; path = Router.swift; sourceTree = "<group>"; };
		9A340283297FBA5B00CBF14E /* Builder.swift */ = {isa = PBXFileReference; fileEncoding = 4; lastKnownFileType = sourcecode.swift; path = Builder.swift; sourceTree = "<group>"; };
		9A340285297FBA5B00CBF14E /* Combine+Extensions.swift */ = {isa = PBXFileReference; fileEncoding = 4; lastKnownFileType = sourcecode.swift; path = "Combine+Extensions.swift"; sourceTree = "<group>"; };
		9A340286297FBA5B00CBF14E /* Foundation+Extensions.swift */ = {isa = PBXFileReference; fileEncoding = 4; lastKnownFileType = sourcecode.swift; path = "Foundation+Extensions.swift"; sourceTree = "<group>"; };
		9A340288297FBA5B00CBF14E /* Worker.swift */ = {isa = PBXFileReference; fileEncoding = 4; lastKnownFileType = sourcecode.swift; path = Worker.swift; sourceTree = "<group>"; };
		9A340289297FBA5B00CBF14E /* Presenter.swift */ = {isa = PBXFileReference; fileEncoding = 4; lastKnownFileType = sourcecode.swift; path = Presenter.swift; sourceTree = "<group>"; };
		9A34028A297FBA5B00CBF14E /* Interactor.swift */ = {isa = PBXFileReference; fileEncoding = 4; lastKnownFileType = sourcecode.swift; path = Interactor.swift; sourceTree = "<group>"; };
		9A34028C297FBA5B00CBF14E /* Dependency.swift */ = {isa = PBXFileReference; fileEncoding = 4; lastKnownFileType = sourcecode.swift; path = Dependency.swift; sourceTree = "<group>"; };
		9A34028D297FBA5B00CBF14E /* Component.swift */ = {isa = PBXFileReference; fileEncoding = 4; lastKnownFileType = sourcecode.swift; path = Component.swift; sourceTree = "<group>"; };
		9A34028E297FBA5B00CBF14E /* PresentableInteractor.swift */ = {isa = PBXFileReference; fileEncoding = 4; lastKnownFileType = sourcecode.swift; path = PresentableInteractor.swift; sourceTree = "<group>"; };
		9A3402A4297FBAAE00CBF14E /* RootRouter.swift */ = {isa = PBXFileReference; lastKnownFileType = sourcecode.swift; path = RootRouter.swift; sourceTree = "<group>"; };
		9A3402A5297FBAAE00CBF14E /* RootViewController.swift */ = {isa = PBXFileReference; lastKnownFileType = sourcecode.swift; path = RootViewController.swift; sourceTree = "<group>"; };
		9A3402A6297FBAAE00CBF14E /* RootProtocols.swift */ = {isa = PBXFileReference; lastKnownFileType = sourcecode.swift; path = RootProtocols.swift; sourceTree = "<group>"; };
		9A3402A7297FBAAE00CBF14E /* RootBuilder.swift */ = {isa = PBXFileReference; lastKnownFileType = sourcecode.swift; path = RootBuilder.swift; sourceTree = "<group>"; };
		9A3402A8297FBAAE00CBF14E /* RootInteractor.swift */ = {isa = PBXFileReference; lastKnownFileType = sourcecode.swift; path = RootInteractor.swift; sourceTree = "<group>"; };
		9A3402B1297FC6AB00CBF14E /* MainPresenter.swift */ = {isa = PBXFileReference; lastKnownFileType = sourcecode.swift; path = MainPresenter.swift; sourceTree = "<group>"; };
		9A3402B2297FC6AB00CBF14E /* MainRouter.swift */ = {isa = PBXFileReference; lastKnownFileType = sourcecode.swift; path = MainRouter.swift; sourceTree = "<group>"; };
		9A3402B3297FC6AB00CBF14E /* MainViewController.swift */ = {isa = PBXFileReference; lastKnownFileType = sourcecode.swift; path = MainViewController.swift; sourceTree = "<group>"; };
		9A3402B4297FC6AB00CBF14E /* MainProtocols.swift */ = {isa = PBXFileReference; lastKnownFileType = sourcecode.swift; path = MainProtocols.swift; sourceTree = "<group>"; };
		9A3402B5297FC6AB00CBF14E /* MainBuilder.swift */ = {isa = PBXFileReference; lastKnownFileType = sourcecode.swift; path = MainBuilder.swift; sourceTree = "<group>"; };
		9A3402B6297FC6AB00CBF14E /* MainInteractor.swift */ = {isa = PBXFileReference; lastKnownFileType = sourcecode.swift; path = MainInteractor.swift; sourceTree = "<group>"; };
		9A3402BF297FCCCA00CBF14E /* MainNavigationRouter.swift */ = {isa = PBXFileReference; lastKnownFileType = sourcecode.swift; path = MainNavigationRouter.swift; sourceTree = "<group>"; };
		9A3402C0297FCCCA00CBF14E /* MainNavigationViewController.swift */ = {isa = PBXFileReference; lastKnownFileType = sourcecode.swift; path = MainNavigationViewController.swift; sourceTree = "<group>"; };
		9A3402C1297FCCCA00CBF14E /* MainNavigationProtocols.swift */ = {isa = PBXFileReference; lastKnownFileType = sourcecode.swift; path = MainNavigationProtocols.swift; sourceTree = "<group>"; };
		9A3402C2297FCCCA00CBF14E /* MainNavigationBuilder.swift */ = {isa = PBXFileReference; lastKnownFileType = sourcecode.swift; path = MainNavigationBuilder.swift; sourceTree = "<group>"; };
		9A3402C3297FCCCA00CBF14E /* MainNavigationInteractor.swift */ = {isa = PBXFileReference; lastKnownFileType = sourcecode.swift; path = MainNavigationInteractor.swift; sourceTree = "<group>"; };
		9A3402CA297FD65700CBF14E /* VIPBinder.swift */ = {isa = PBXFileReference; fileEncoding = 4; lastKnownFileType = sourcecode.swift; path = VIPBinder.swift; sourceTree = "<group>"; };
		9A6C720A297EBC8800B54C15 /* CombineRIBsExample.app */ = {isa = PBXFileReference; explicitFileType = wrapper.application; includeInIndex = 0; path = CombineRIBsExample.app; sourceTree = BUILT_PRODUCTS_DIR; };
		9A6C720D297EBC8800B54C15 /* AppDelegate.swift */ = {isa = PBXFileReference; lastKnownFileType = sourcecode.swift; path = AppDelegate.swift; sourceTree = "<group>"; };
		9A6C7216297EBC8A00B54C15 /* Assets.xcassets */ = {isa = PBXFileReference; lastKnownFileType = folder.assetcatalog; path = Assets.xcassets; sourceTree = "<group>"; };
		9A6C7219297EBC8A00B54C15 /* Base */ = {isa = PBXFileReference; lastKnownFileType = file.storyboard; name = Base; path = Base.lproj/LaunchScreen.storyboard; sourceTree = "<group>"; };
		9A6C721B297EBC8A00B54C15 /* Info.plist */ = {isa = PBXFileReference; lastKnownFileType = text.plist.xml; path = Info.plist; sourceTree = "<group>"; };
/* End PBXFileReference section */

/* Begin PBXFrameworksBuildPhase section */
		9A6C7207297EBC8800B54C15 /* Frameworks */ = {
			isa = PBXFrameworksBuildPhase;
			buildActionMask = 2147483647;
			files = (
			);
			runOnlyForDeploymentPostprocessing = 0;
		};
/* End PBXFrameworksBuildPhase section */

/* Begin PBXGroup section */
		9A340274297FB9F900CBF14E /* Core */ = {
			isa = PBXGroup;
			children = (
				9A340275297FBA1000CBF14E /* RIBs */,
			);
			path = Core;
			sourceTree = "<group>";
		};
		9A340275297FBA1000CBF14E /* RIBs */ = {
			isa = PBXGroup;
			children = (
				9A340283297FBA5B00CBF14E /* Builder.swift */,
				9A34027E297FBA5B00CBF14E /* ComponentizedBuilder.swift */,
				9A34028B297FBA5B00CBF14E /* DI */,
				9A340284297FBA5B00CBF14E /* Extensions */,
				9A34028A297FBA5B00CBF14E /* Interactor.swift */,
				9A340281297FBA5B00CBF14E /* LaunchRouter.swift */,
				9A34027B297FBA5A00CBF14E /* LeakDetector */,
				9A340280297FBA5B00CBF14E /* MultiStageComponentizedBuilder.swift */,
				9A34028E297FBA5B00CBF14E /* PresentableInteractor.swift */,
				9A340289297FBA5B00CBF14E /* Presenter.swift */,
				9A340282297FBA5B00CBF14E /* Router.swift */,
				9A340278297FBA5A00CBF14E /* ViewableRouter.swift */,
				9A34027F297FBA5B00CBF14E /* ViewControllable.swift */,
				9A340287297FBA5B00CBF14E /* Worker */,
				9A340279297FBA5A00CBF14E /* Workflow */,
			);
			path = RIBs;
			sourceTree = "<group>";
		};
		9A340279297FBA5A00CBF14E /* Workflow */ = {
			isa = PBXGroup;
			children = (
				9A34027A297FBA5A00CBF14E /* Workflow.swift */,
			);
			path = Workflow;
			sourceTree = "<group>";
		};
		9A34027B297FBA5A00CBF14E /* LeakDetector */ = {
			isa = PBXGroup;
			children = (
				9A34027C297FBA5A00CBF14E /* Executor.swift */,
				9A34027D297FBA5A00CBF14E /* LeakDetector.swift */,
			);
			path = LeakDetector;
			sourceTree = "<group>";
		};
		9A340284297FBA5B00CBF14E /* Extensions */ = {
			isa = PBXGroup;
			children = (
				9A3402CA297FD65700CBF14E /* VIPBinder.swift */,
				9A340285297FBA5B00CBF14E /* Combine+Extensions.swift */,
				9A340286297FBA5B00CBF14E /* Foundation+Extensions.swift */,
			);
			path = Extensions;
			sourceTree = "<group>";
		};
		9A340287297FBA5B00CBF14E /* Worker */ = {
			isa = PBXGroup;
			children = (
				9A340288297FBA5B00CBF14E /* Worker.swift */,
			);
			path = Worker;
			sourceTree = "<group>";
		};
		9A34028B297FBA5B00CBF14E /* DI */ = {
			isa = PBXGroup;
			children = (
				9A34028C297FBA5B00CBF14E /* Dependency.swift */,
				9A34028D297FBA5B00CBF14E /* Component.swift */,
			);
			path = DI;
			sourceTree = "<group>";
		};
		9A3402A1297FBA7B00CBF14E /* Screens */ = {
			isa = PBXGroup;
			children = (
				9A3402AF297FC1B600CBF14E /* Main */,
				9A3402A2297FBA8E00CBF14E /* Root */,
			);
			path = Screens;
			sourceTree = "<group>";
		};
		9A3402A2297FBA8E00CBF14E /* Root */ = {
			isa = PBXGroup;
			children = (
				9A3402A6297FBAAE00CBF14E /* RootProtocols.swift */,
				9A3402A7297FBAAE00CBF14E /* RootBuilder.swift */,
				9A3402A4297FBAAE00CBF14E /* RootRouter.swift */,
				9A3402A8297FBAAE00CBF14E /* RootInteractor.swift */,
				9A3402A5297FBAAE00CBF14E /* RootViewController.swift */,
			);
			path = Root;
			sourceTree = "<group>";
		};
		9A3402AF297FC1B600CBF14E /* Main */ = {
			isa = PBXGroup;
			children = (
				9A3402BD297FCBAD00CBF14E /* Navigation */,
				9A3402B4297FC6AB00CBF14E /* MainProtocols.swift */,
				9A3402B5297FC6AB00CBF14E /* MainBuilder.swift */,
				9A3402B2297FC6AB00CBF14E /* MainRouter.swift */,
				9A3402B6297FC6AB00CBF14E /* MainInteractor.swift */,
				9A3402B1297FC6AB00CBF14E /* MainPresenter.swift */,
				9A3402B3297FC6AB00CBF14E /* MainViewController.swift */,
			);
			path = Main;
			sourceTree = "<group>";
		};
		9A3402BD297FCBAD00CBF14E /* Navigation */ = {
			isa = PBXGroup;
			children = (
				9A3402C1297FCCCA00CBF14E /* MainNavigationProtocols.swift */,
				9A3402C2297FCCCA00CBF14E /* MainNavigationBuilder.swift */,
				9A3402BF297FCCCA00CBF14E /* MainNavigationRouter.swift */,
				9A3402C3297FCCCA00CBF14E /* MainNavigationInteractor.swift */,
				9A3402C0297FCCCA00CBF14E /* MainNavigationViewController.swift */,
			);
			path = Navigation;
			sourceTree = "<group>";
		};
		9A6C7201297EBC8800B54C15 = {
			isa = PBXGroup;
			children = (
				9A6C720C297EBC8800B54C15 /* CombineRIBsExample */,
				9A6C720B297EBC8800B54C15 /* Products */,
			);
			sourceTree = "<group>";
		};
		9A6C720B297EBC8800B54C15 /* Products */ = {
			isa = PBXGroup;
			children = (
				9A6C720A297EBC8800B54C15 /* CombineRIBsExample.app */,
			);
			name = Products;
			sourceTree = "<group>";
		};
		9A6C720C297EBC8800B54C15 /* CombineRIBsExample */ = {
			isa = PBXGroup;
			children = (
				9A3402A1297FBA7B00CBF14E /* Screens */,
				9A340274297FB9F900CBF14E /* Core */,
				9A6C720D297EBC8800B54C15 /* AppDelegate.swift */,
				9A6C7216297EBC8A00B54C15 /* Assets.xcassets */,
				9A6C7218297EBC8A00B54C15 /* LaunchScreen.storyboard */,
				9A6C721B297EBC8A00B54C15 /* Info.plist */,
			);
			path = CombineRIBsExample;
			sourceTree = "<group>";
		};
/* End PBXGroup section */

/* Begin PBXNativeTarget section */
		9A6C7209297EBC8800B54C15 /* CombineRIBsExample */ = {
			isa = PBXNativeTarget;
			buildConfigurationList = 9A6C721E297EBC8A00B54C15 /* Build configuration list for PBXNativeTarget "CombineRIBsExample" */;
			buildPhases = (
				9A6C7206297EBC8800B54C15 /* Sources */,
				9A6C7207297EBC8800B54C15 /* Frameworks */,
				9A6C7208297EBC8800B54C15 /* Resources */,
			);
			buildRules = (
			);
			dependencies = (
			);
			name = CombineRIBsExample;
			productName = CombineRIBsExample;
			productReference = 9A6C720A297EBC8800B54C15 /* CombineRIBsExample.app */;
			productType = "com.apple.product-type.application";
		};
/* End PBXNativeTarget section */

/* Begin PBXProject section */
		9A6C7202297EBC8800B54C15 /* Project object */ = {
			isa = PBXProject;
			attributes = {
				BuildIndependentTargetsInParallel = 1;
				LastSwiftUpdateCheck = 1400;
				LastUpgradeCheck = 1400;
				TargetAttributes = {
					9A6C7209297EBC8800B54C15 = {
						CreatedOnToolsVersion = 14.0.1;
					};
				};
			};
			buildConfigurationList = 9A6C7205297EBC8800B54C15 /* Build configuration list for PBXProject "CombineRIBsExample" */;
			compatibilityVersion = "Xcode 14.0";
			developmentRegion = en;
			hasScannedForEncodings = 0;
			knownRegions = (
				en,
				Base,
			);
			mainGroup = 9A6C7201297EBC8800B54C15;
			productRefGroup = 9A6C720B297EBC8800B54C15 /* Products */;
			projectDirPath = "";
			projectRoot = "";
			targets = (
				9A6C7209297EBC8800B54C15 /* CombineRIBsExample */,
			);
		};
/* End PBXProject section */

/* Begin PBXResourcesBuildPhase section */
		9A6C7208297EBC8800B54C15 /* Resources */ = {
			isa = PBXResourcesBuildPhase;
			buildActionMask = 2147483647;
			files = (
				9A6C721A297EBC8A00B54C15 /* LaunchScreen.storyboard in Resources */,
				9A6C7217297EBC8A00B54C15 /* Assets.xcassets in Resources */,
			);
			runOnlyForDeploymentPostprocessing = 0;
		};
/* End PBXResourcesBuildPhase section */

/* Begin PBXSourcesBuildPhase section */
		9A6C7206297EBC8800B54C15 /* Sources */ = {
			isa = PBXSourcesBuildPhase;
			buildActionMask = 2147483647;
			files = (
				9A340297297FBA5B00CBF14E /* Router.swift in Sources */,
				9A34029F297FBA5B00CBF14E /* Component.swift in Sources */,
				9A3402AD297FBAAF00CBF14E /* RootBuilder.swift in Sources */,
				9A340292297FBA5B00CBF14E /* LeakDetector.swift in Sources */,
				9A34029C297FBA5B00CBF14E /* Presenter.swift in Sources */,
				9A3402BB297FC6AB00CBF14E /* MainBuilder.swift in Sources */,
				9A3402B8297FC6AB00CBF14E /* MainRouter.swift in Sources */,
				9A340290297FBA5B00CBF14E /* Workflow.swift in Sources */,
				9A340299297FBA5B00CBF14E /* Combine+Extensions.swift in Sources */,
				9A3402AC297FBAAF00CBF14E /* RootProtocols.swift in Sources */,
				9A3402A0297FBA5B00CBF14E /* PresentableInteractor.swift in Sources */,
				9A3402C5297FCCCA00CBF14E /* MainNavigationRouter.swift in Sources */,
				9A3402AA297FBAAF00CBF14E /* RootRouter.swift in Sources */,
				9A34029A297FBA5B00CBF14E /* Foundation+Extensions.swift in Sources */,
				9A340295297FBA5B00CBF14E /* MultiStageComponentizedBuilder.swift in Sources */,
				9A340291297FBA5B00CBF14E /* Executor.swift in Sources */,
				9A3402AB297FBAAF00CBF14E /* RootViewController.swift in Sources */,
				9A34028F297FBA5B00CBF14E /* ViewableRouter.swift in Sources */,
				9A3402BA297FC6AB00CBF14E /* MainProtocols.swift in Sources */,
				9A3402C8297FCCCA00CBF14E /* MainNavigationBuilder.swift in Sources */,
				9A3402C6297FCCCA00CBF14E /* MainNavigationViewController.swift in Sources */,
				9A3402B7297FC6AB00CBF14E /* MainPresenter.swift in Sources */,
				9A340294297FBA5B00CBF14E /* ViewControllable.swift in Sources */,
				9A3402AE297FBAAF00CBF14E /* RootInteractor.swift in Sources */,
				9A34029B297FBA5B00CBF14E /* Worker.swift in Sources */,
				9A34029E297FBA5B00CBF14E /* Dependency.swift in Sources */,
				9A3402BC297FC6AB00CBF14E /* MainInteractor.swift in Sources */,
				9A34029D297FBA5B00CBF14E /* Interactor.swift in Sources */,
				9A340296297FBA5B00CBF14E /* LaunchRouter.swift in Sources */,
				9A6C720E297EBC8800B54C15 /* AppDelegate.swift in Sources */,
				9A3402C7297FCCCA00CBF14E /* MainNavigationProtocols.swift in Sources */,
				9A3402B9297FC6AB00CBF14E /* MainViewController.swift in Sources */,
				9A3402C9297FCCCA00CBF14E /* MainNavigationInteractor.swift in Sources */,
				9A3402CB297FD65700CBF14E /* VIPBinder.swift in Sources */,
				9A340293297FBA5B00CBF14E /* ComponentizedBuilder.swift in Sources */,
				9A340298297FBA5B00CBF14E /* Builder.swift in Sources */,
			);
			runOnlyForDeploymentPostprocessing = 0;
		};
/* End PBXSourcesBuildPhase section */

/* Begin PBXVariantGroup section */
		9A6C7218297EBC8A00B54C15 /* LaunchScreen.storyboard */ = {
			isa = PBXVariantGroup;
			children = (
				9A6C7219297EBC8A00B54C15 /* Base */,
			);
			name = LaunchScreen.storyboard;
			sourceTree = "<group>";
		};
/* End PBXVariantGroup section */

/* Begin XCBuildConfiguration section */
		9A6C721C297EBC8A00B54C15 /* Debug */ = {
			isa = XCBuildConfiguration;
			buildSettings = {
				ALWAYS_SEARCH_USER_PATHS = NO;
				CLANG_ANALYZER_NONNULL = YES;
				CLANG_ANALYZER_NUMBER_OBJECT_CONVERSION = YES_AGGRESSIVE;
				CLANG_CXX_LANGUAGE_STANDARD = "gnu++20";
				CLANG_ENABLE_MODULES = YES;
				CLANG_ENABLE_OBJC_ARC = YES;
				CLANG_ENABLE_OBJC_WEAK = YES;
				CLANG_WARN_BLOCK_CAPTURE_AUTORELEASING = YES;
				CLANG_WARN_BOOL_CONVERSION = YES;
				CLANG_WARN_COMMA = YES;
				CLANG_WARN_CONSTANT_CONVERSION = YES;
				CLANG_WARN_DEPRECATED_OBJC_IMPLEMENTATIONS = YES;
				CLANG_WARN_DIRECT_OBJC_ISA_USAGE = YES_ERROR;
				CLANG_WARN_DOCUMENTATION_COMMENTS = YES;
				CLANG_WARN_EMPTY_BODY = YES;
				CLANG_WARN_ENUM_CONVERSION = YES;
				CLANG_WARN_INFINITE_RECURSION = YES;
				CLANG_WARN_INT_CONVERSION = YES;
				CLANG_WARN_NON_LITERAL_NULL_CONVERSION = YES;
				CLANG_WARN_OBJC_IMPLICIT_RETAIN_SELF = YES;
				CLANG_WARN_OBJC_LITERAL_CONVERSION = YES;
				CLANG_WARN_OBJC_ROOT_CLASS = YES_ERROR;
				CLANG_WARN_QUOTED_INCLUDE_IN_FRAMEWORK_HEADER = YES;
				CLANG_WARN_RANGE_LOOP_ANALYSIS = YES;
				CLANG_WARN_STRICT_PROTOTYPES = YES;
				CLANG_WARN_SUSPICIOUS_MOVE = YES;
				CLANG_WARN_UNGUARDED_AVAILABILITY = YES_AGGRESSIVE;
				CLANG_WARN_UNREACHABLE_CODE = YES;
				CLANG_WARN__DUPLICATE_METHOD_MATCH = YES;
				COPY_PHASE_STRIP = NO;
				DEBUG_INFORMATION_FORMAT = dwarf;
				ENABLE_STRICT_OBJC_MSGSEND = YES;
				ENABLE_TESTABILITY = YES;
				GCC_C_LANGUAGE_STANDARD = gnu11;
				GCC_DYNAMIC_NO_PIC = NO;
				GCC_NO_COMMON_BLOCKS = YES;
				GCC_OPTIMIZATION_LEVEL = 0;
				GCC_PREPROCESSOR_DEFINITIONS = (
					"DEBUG=1",
					"$(inherited)",
				);
				GCC_WARN_64_TO_32_BIT_CONVERSION = YES;
				GCC_WARN_ABOUT_RETURN_TYPE = YES_ERROR;
				GCC_WARN_UNDECLARED_SELECTOR = YES;
				GCC_WARN_UNINITIALIZED_AUTOS = YES_AGGRESSIVE;
				GCC_WARN_UNUSED_FUNCTION = YES;
				GCC_WARN_UNUSED_VARIABLE = YES;
				IPHONEOS_DEPLOYMENT_TARGET = 16.0;
				MTL_ENABLE_DEBUG_INFO = INCLUDE_SOURCE;
				MTL_FAST_MATH = YES;
				ONLY_ACTIVE_ARCH = YES;
				SDKROOT = iphoneos;
				SWIFT_ACTIVE_COMPILATION_CONDITIONS = DEBUG;
				SWIFT_OPTIMIZATION_LEVEL = "-Onone";
			};
			name = Debug;
		};
		9A6C721D297EBC8A00B54C15 /* Release */ = {
			isa = XCBuildConfiguration;
			buildSettings = {
				ALWAYS_SEARCH_USER_PATHS = NO;
				CLANG_ANALYZER_NONNULL = YES;
				CLANG_ANALYZER_NUMBER_OBJECT_CONVERSION = YES_AGGRESSIVE;
				CLANG_CXX_LANGUAGE_STANDARD = "gnu++20";
				CLANG_ENABLE_MODULES = YES;
				CLANG_ENABLE_OBJC_ARC = YES;
				CLANG_ENABLE_OBJC_WEAK = YES;
				CLANG_WARN_BLOCK_CAPTURE_AUTORELEASING = YES;
				CLANG_WARN_BOOL_CONVERSION = YES;
				CLANG_WARN_COMMA = YES;
				CLANG_WARN_CONSTANT_CONVERSION = YES;
				CLANG_WARN_DEPRECATED_OBJC_IMPLEMENTATIONS = YES;
				CLANG_WARN_DIRECT_OBJC_ISA_USAGE = YES_ERROR;
				CLANG_WARN_DOCUMENTATION_COMMENTS = YES;
				CLANG_WARN_EMPTY_BODY = YES;
				CLANG_WARN_ENUM_CONVERSION = YES;
				CLANG_WARN_INFINITE_RECURSION = YES;
				CLANG_WARN_INT_CONVERSION = YES;
				CLANG_WARN_NON_LITERAL_NULL_CONVERSION = YES;
				CLANG_WARN_OBJC_IMPLICIT_RETAIN_SELF = YES;
				CLANG_WARN_OBJC_LITERAL_CONVERSION = YES;
				CLANG_WARN_OBJC_ROOT_CLASS = YES_ERROR;
				CLANG_WARN_QUOTED_INCLUDE_IN_FRAMEWORK_HEADER = YES;
				CLANG_WARN_RANGE_LOOP_ANALYSIS = YES;
				CLANG_WARN_STRICT_PROTOTYPES = YES;
				CLANG_WARN_SUSPICIOUS_MOVE = YES;
				CLANG_WARN_UNGUARDED_AVAILABILITY = YES_AGGRESSIVE;
				CLANG_WARN_UNREACHABLE_CODE = YES;
				CLANG_WARN__DUPLICATE_METHOD_MATCH = YES;
				COPY_PHASE_STRIP = NO;
				DEBUG_INFORMATION_FORMAT = "dwarf-with-dsym";
				ENABLE_NS_ASSERTIONS = NO;
				ENABLE_STRICT_OBJC_MSGSEND = YES;
				GCC_C_LANGUAGE_STANDARD = gnu11;
				GCC_NO_COMMON_BLOCKS = YES;
				GCC_WARN_64_TO_32_BIT_CONVERSION = YES;
				GCC_WARN_ABOUT_RETURN_TYPE = YES_ERROR;
				GCC_WARN_UNDECLARED_SELECTOR = YES;
				GCC_WARN_UNINITIALIZED_AUTOS = YES_AGGRESSIVE;
				GCC_WARN_UNUSED_FUNCTION = YES;
				GCC_WARN_UNUSED_VARIABLE = YES;
				IPHONEOS_DEPLOYMENT_TARGET = 16.0;
				MTL_ENABLE_DEBUG_INFO = NO;
				MTL_FAST_MATH = YES;
				SDKROOT = iphoneos;
				SWIFT_COMPILATION_MODE = wholemodule;
				SWIFT_OPTIMIZATION_LEVEL = "-O";
				VALIDATE_PRODUCT = YES;
			};
			name = Release;
		};
		9A6C721F297EBC8A00B54C15 /* Debug */ = {
			isa = XCBuildConfiguration;
			buildSettings = {
				ASSETCATALOG_COMPILER_APPICON_NAME = AppIcon;
				ASSETCATALOG_COMPILER_GLOBAL_ACCENT_COLOR_NAME = AccentColor;
				CODE_SIGN_STYLE = Automatic;
				CURRENT_PROJECT_VERSION = 1;
				GENERATE_INFOPLIST_FILE = YES;
				INFOPLIST_FILE = CombineRIBsExample/Info.plist;
				INFOPLIST_KEY_UIApplicationSupportsIndirectInputEvents = YES;
				INFOPLIST_KEY_UILaunchStoryboardName = LaunchScreen.storyboard;
				INFOPLIST_KEY_UISupportedInterfaceOrientations_iPad = "UIInterfaceOrientationPortrait UIInterfaceOrientationPortraitUpsideDown UIInterfaceOrientationLandscapeLeft UIInterfaceOrientationLandscapeRight";
				INFOPLIST_KEY_UISupportedInterfaceOrientations_iPhone = "UIInterfaceOrientationPortrait UIInterfaceOrientationLandscapeLeft UIInterfaceOrientationLandscapeRight";
				LD_RUNPATH_SEARCH_PATHS = (
					"$(inherited)",
					"@executable_path/Frameworks",
				);
				MARKETING_VERSION = 1.0;
				PRODUCT_BUNDLE_IDENTIFIER = "savvin-gg.CombineRIBsExample";
				PRODUCT_NAME = "$(TARGET_NAME)";
				SWIFT_EMIT_LOC_STRINGS = YES;
				SWIFT_VERSION = 5.0;
				TARGETED_DEVICE_FAMILY = "1,2";
			};
			name = Debug;
		};
		9A6C7220297EBC8A00B54C15 /* Release */ = {
			isa = XCBuildConfiguration;
			buildSettings = {
				ASSETCATALOG_COMPILER_APPICON_NAME = AppIcon;
				ASSETCATALOG_COMPILER_GLOBAL_ACCENT_COLOR_NAME = AccentColor;
				CODE_SIGN_STYLE = Automatic;
				CURRENT_PROJECT_VERSION = 1;
				GENERATE_INFOPLIST_FILE = YES;
				INFOPLIST_FILE = CombineRIBsExample/Info.plist;
				INFOPLIST_KEY_UIApplicationSupportsIndirectInputEvents = YES;
				INFOPLIST_KEY_UILaunchStoryboardName = LaunchScreen.storyboard;
				INFOPLIST_KEY_UISupportedInterfaceOrientations_iPad = "UIInterfaceOrientationPortrait UIInterfaceOrientationPortraitUpsideDown UIInterfaceOrientationLandscapeLeft UIInterfaceOrientationLandscapeRight";
				INFOPLIST_KEY_UISupportedInterfaceOrientations_iPhone = "UIInterfaceOrientationPortrait UIInterfaceOrientationLandscapeLeft UIInterfaceOrientationLandscapeRight";
				LD_RUNPATH_SEARCH_PATHS = (
					"$(inherited)",
					"@executable_path/Frameworks",
				);
				MARKETING_VERSION = 1.0;
				PRODUCT_BUNDLE_IDENTIFIER = "savvin-gg.CombineRIBsExample";
				PRODUCT_NAME = "$(TARGET_NAME)";
				SWIFT_EMIT_LOC_STRINGS = YES;
				SWIFT_VERSION = 5.0;
				TARGETED_DEVICE_FAMILY = "1,2";
			};
			name = Release;
		};
/* End XCBuildConfiguration section */

/* Begin XCConfigurationList section */
		9A6C7205297EBC8800B54C15 /* Build configuration list for PBXProject "CombineRIBsExample" */ = {
			isa = XCConfigurationList;
			buildConfigurations = (
				9A6C721C297EBC8A00B54C15 /* Debug */,
				9A6C721D297EBC8A00B54C15 /* Release */,
			);
			defaultConfigurationIsVisible = 0;
			defaultConfigurationName = Release;
		};
		9A6C721E297EBC8A00B54C15 /* Build configuration list for PBXNativeTarget "CombineRIBsExample" */ = {
			isa = XCConfigurationList;
			buildConfigurations = (
				9A6C721F297EBC8A00B54C15 /* Debug */,
				9A6C7220297EBC8A00B54C15 /* Release */,
			);
			defaultConfigurationIsVisible = 0;
			defaultConfigurationName = Release;
		};
/* End XCConfigurationList section */
	};
	rootObject = 9A6C7202297EBC8800B54C15 /* Project object */;
}
